
Microsoft Visual Studio Solution File, Format Version 12.00
# Visual Studio Version 17
VisualStudioVersion = 17.9.34622.214
MinimumVisualStudioVersion = 10.0.40219.1
Project("{9A19103F-16F7-4668-BE54-9A1E7A4F7556}") = "AcessoBancoDados", "AcessoBancoDados\AcessoBancoDados.csproj", "{F27C0B46-3FC7-4124-A0BE-4EB0045420C5}"
EndProject
Project("{9A19103F-16F7-4668-BE54-9A1E7A4F7556}") = "Negocios", "Negocios\Negocios.csproj", "{A741FACB-1B93-4FFF-B5BA-BB73A0949976}"
EndProject
Project("{9A19103F-16F7-4668-BE54-9A1E7A4F7556}") = "Apresentacao", "Apresentacao\Apresentacao.csproj", "{EF26AECF-58D6-4CF0-AD2B-832157310074}"
EndProject
Project("{9A19103F-16F7-4668-BE54-9A1E7A4F7556}") = "ObjetoTransferencia", "ObjetoTransferencia\ObjetoTransferencia.csproj", "{068749F9-BE2D-4809-AEA7-DBB90FF7E704}"
EndProject
Global
	GlobalSection(SolutionConfigurationPlatforms) = preSolution
		Debug|Any CPU = Debug|Any CPU
		Release|Any CPU = Release|Any CPU
	EndGlobalSection
	GlobalSection(ProjectConfigurationPlatforms) = postSolution
		{F27C0B46-3FC7-4124-A0BE-4EB0045420C5}.Debug|Any CPU.ActiveCfg = Debug|Any CPU
		{F27C0B46-3FC7-4124-A0BE-4EB0045420C5}.Debug|Any CPU.Build.0 = Debug|Any CPU
		{F27C0B46-3FC7-4124-A0BE-4EB0045420C5}.Release|Any CPU.ActiveCfg = Release|Any CPU
		{F27C0B46-3FC7-4124-A0BE-4EB0045420C5}.Release|Any CPU.Build.0 = Release|Any CPU
		{A741FACB-1B93-4FFF-B5BA-BB73A0949976}.Debug|Any CPU.ActiveCfg = Debug|Any CPU
		{A741FACB-1B93-4FFF-B5BA-BB73A0949976}.Debug|Any CPU.Build.0 = Debug|Any CPU
		{A741FACB-1B93-4FFF-B5BA-BB73A0949976}.Release|Any CPU.ActiveCfg = Release|Any CPU
		{A741FACB-1B93-4FFF-B5BA-BB73A0949976}.Release|Any CPU.Build.0 = Release|Any CPU
		{EF26AECF-58D6-4CF0-AD2B-832157310074}.Debug|Any CPU.ActiveCfg = Debug|Any CPU
		{EF26AECF-58D6-4CF0-AD2B-832157310074}.Debug|Any CPU.Build.0 = Debug|Any CPU
		{EF26AECF-58D6-4CF0-AD2B-832157310074}.Release|Any CPU.ActiveCfg = Release|Any CPU
		{EF26AECF-58D6-4CF0-AD2B-832157310074}.Release|Any CPU.Build.0 = Release|Any CPU
		{068749F9-BE2D-4809-AEA7-DBB90FF7E704}.Debug|Any CPU.ActiveCfg = Debug|Any CPU
		{068749F9-BE2D-4809-AEA7-DBB90FF7E704}.Debug|Any CPU.Build.0 = Debug|Any CPU
		{068749F9-BE2D-4809-AEA7-DBB90FF7E704}.Release|Any CPU.ActiveCfg = Release|Any CPU
		{068749F9-BE2D-4809-AEA7-DBB90FF7E704}.Release|Any CPU.Build.0 = Release|Any CPU
	EndGlobalSection
	GlobalSection(SolutionProperties) = preSolution
		HideSolutionNode = FALSE
	EndGlobalSection
	GlobalSection(ExtensibilityGlobals) = postSolution
		SolutionGuid = {232A4D23-3D27-4C66-97E3-8D1BDFB643D4}
	EndGlobalSection
EndGlobal
